
Microsoft Visual Studio Solution File, Format Version 11.00
# Visual Studio 2010
Project("{FAE04EC0-301F-11D3-BF4B-00C04F79EFBC}") = "PersistentVector", "PersistentVector\PersistentVector.csproj", "{A6A3601C-072F-4D63-8937-94DC3EC71B40}"
EndProject
Project("{2150E333-8FDC-42A3-9474-1A3956D46DE8}") = "Solution Items", "Solution Items", "{82D3A464-9FAD-45A4-927D-1A3A1B3E07DF}"
	ProjectSection(SolutionItems) = preProject
		Local.testsettings = Local.testsettings
		PersistentVector.vsmdi = PersistentVector.vsmdi
		TraceAndTestImpact.testsettings = TraceAndTestImpact.testsettings
	EndProjectSection
EndProject
Project("{FAE04EC0-301F-11D3-BF4B-00C04F79EFBC}") = "PersistentVectorTests", "PersistentVectorTests\PersistentVectorTests.csproj", "{59526F38-1614-4F1F-A6DE-FEE243A9F628}"
	ProjectSection(ProjectDependencies) = postProject
		{A6A3601C-072F-4D63-8937-94DC3EC71B40} = {A6A3601C-072F-4D63-8937-94DC3EC71B40}
	EndProjectSection
EndProject
Project("{FAE04EC0-301F-11D3-BF4B-00C04F79EFBC}") = "PersistentVectorTestHarness", "PersistentVectorTestHarness\PersistentVectorTestHarness.csproj", "{1A5ECD01-4DC6-43D4-9E4B-0F11C4BE7E1E}"
EndProject
Global
	GlobalSection(TestCaseManagementSettings) = postSolution
		CategoryFile = PersistentVector.vsmdi
	EndGlobalSection
	GlobalSection(SolutionConfigurationPlatforms) = preSolution
		Debug|Any CPU = Debug|Any CPU
		Debug|Mixed Platforms = Debug|Mixed Platforms
		Debug|x86 = Debug|x86
		Release|Any CPU = Release|Any CPU
		Release|Mixed Platforms = Release|Mixed Platforms
		Release|x86 = Release|x86
	EndGlobalSection
	GlobalSection(ProjectConfigurationPlatforms) = postSolution
		{A6A3601C-072F-4D63-8937-94DC3EC71B40}.Debug|Any CPU.ActiveCfg = Debug|Any CPU
		{A6A3601C-072F-4D63-8937-94DC3EC71B40}.Debug|Any CPU.Build.0 = Debug|Any CPU
		{A6A3601C-072F-4D63-8937-94DC3EC71B40}.Debug|Mixed Platforms.ActiveCfg = Debug|Any CPU
		{A6A3601C-072F-4D63-8937-94DC3EC71B40}.Debug|Mixed Platforms.Build.0 = Debug|Any CPU
		{A6A3601C-072F-4D63-8937-94DC3EC71B40}.Debug|x86.ActiveCfg = Debug|Any CPU
		{A6A3601C-072F-4D63-8937-94DC3EC71B40}.Debug|x86.Build.0 = Debug|Any CPU
		{A6A3601C-072F-4D63-8937-94DC3EC71B40}.Release|Any CPU.ActiveCfg = Release|Any CPU
		{A6A3601C-072F-4D63-8937-94DC3EC71B40}.Release|Any CPU.Build.0 = Release|Any CPU
		{A6A3601C-072F-4D63-8937-94DC3EC71B40}.Release|Mixed Platforms.ActiveCfg = Release|Any CPU
		{A6A3601C-072F-4D63-8937-94DC3EC71B40}.Release|Mixed Platforms.Build.0 = Release|Any CPU
		{A6A3601C-072F-4D63-8937-94DC3EC71B40}.Release|x86.ActiveCfg = Release|Any CPU
		{59526F38-1614-4F1F-A6DE-FEE243A9F628}.Debug|Any CPU.ActiveCfg = Debug|Any CPU
		{59526F38-1614-4F1F-A6DE-FEE243A9F628}.Debug|Any CPU.Build.0 = Debug|Any CPU
		{59526F38-1614-4F1F-A6DE-FEE243A9F628}.Debug|Mixed Platforms.ActiveCfg = Debug|Any CPU
		{59526F38-1614-4F1F-A6DE-FEE243A9F628}.Debug|Mixed Platforms.Build.0 = Debug|Any CPU
		{59526F38-1614-4F1F-A6DE-FEE243A9F628}.Debug|x86.ActiveCfg = Debug|Any CPU
		{59526F38-1614-4F1F-A6DE-FEE243A9F628}.Debug|x86.Build.0 = Debug|Any CPU
		{59526F38-1614-4F1F-A6DE-FEE243A9F628}.Release|Any CPU.ActiveCfg = Release|Any CPU
		{59526F38-1614-4F1F-A6DE-FEE243A9F628}.Release|Any CPU.Build.0 = Release|Any CPU
		{59526F38-1614-4F1F-A6DE-FEE243A9F628}.Release|Mixed Platforms.ActiveCfg = Release|Any CPU
		{59526F38-1614-4F1F-A6DE-FEE243A9F628}.Release|Mixed Platforms.Build.0 = Release|Any CPU
		{59526F38-1614-4F1F-A6DE-FEE243A9F628}.Release|x86.ActiveCfg = Release|Any CPU
		{1A5ECD01-4DC6-43D4-9E4B-0F11C4BE7E1E}.Debug|Any CPU.ActiveCfg = Debug|x86
		{1A5ECD01-4DC6-43D4-9E4B-0F11C4BE7E1E}.Debug|Mixed Platforms.ActiveCfg = Debug|x86
		{1A5ECD01-4DC6-43D4-9E4B-0F11C4BE7E1E}.Debug|Mixed Platforms.Build.0 = Debug|x86
		{1A5ECD01-4DC6-43D4-9E4B-0F11C4BE7E1E}.Debug|x86.ActiveCfg = Debug|x86
		{1A5ECD01-4DC6-43D4-9E4B-0F11C4BE7E1E}.Debug|x86.Build.0 = Debug|x86
		{1A5ECD01-4DC6-43D4-9E4B-0F11C4BE7E1E}.Release|Any CPU.ActiveCfg = Release|x86
		{1A5ECD01-4DC6-43D4-9E4B-0F11C4BE7E1E}.Release|Mixed Platforms.ActiveCfg = Release|x86
		{1A5ECD01-4DC6-43D4-9E4B-0F11C4BE7E1E}.Release|Mixed Platforms.Build.0 = Release|x86
		{1A5ECD01-4DC6-43D4-9E4B-0F11C4BE7E1E}.Release|x86.ActiveCfg = Release|x86
		{1A5ECD01-4DC6-43D4-9E4B-0F11C4BE7E1E}.Release|x86.Build.0 = Release|x86
	EndGlobalSection
	GlobalSection(SolutionProperties) = preSolution
		HideSolutionNode = FALSE
	EndGlobalSection
EndGlobal
