
Microsoft Visual Studio Solution File, Format Version 11.00
# Visual Studio 2010
Project("{FAE04EC0-301F-11D3-BF4B-00C04F79EFBC}") = "PersistentVector", "PersistentVector\PersistentVector.csproj", "{A6A3601C-072F-4D63-8937-94DC3EC71B40}"
EndProject
Project("{2150E333-8FDC-42A3-9474-1A3956D46DE8}") = "Solution Items", "Solution Items", "{82D3A464-9FAD-45A4-927D-1A3A1B3E07DF}"
	ProjectSection(SolutionItems) = preProject
		Local.testsettings = Local.testsettings
		PersistentVector1.vsmdi = PersistentVector1.vsmdi
		TraceAndTestImpact.testsettings = TraceAndTestImpact.testsettings
	EndProjectSection
EndProject
Project("{FAE04EC0-301F-11D3-BF4B-00C04F79EFBC}") = "ImmutableVectorTests", "ImmutableVectorTests\ImmutableVectorTests.csproj", "{2962CF14-3E6E-456D-807F-C90E468DA50D}"
	ProjectSection(ProjectDependencies) = postProject
		{A6A3601C-072F-4D63-8937-94DC3EC71B40} = {A6A3601C-072F-4D63-8937-94DC3EC71B40}
	EndProjectSection
EndProject
Global
	GlobalSection(TestCaseManagementSettings) = postSolution
		CategoryFile = PersistentVector1.vsmdi
	EndGlobalSection
	GlobalSection(SolutionConfigurationPlatforms) = preSolution
		Debug|Any CPU = Debug|Any CPU
		Release|Any CPU = Release|Any CPU
	EndGlobalSection
	GlobalSection(ProjectConfigurationPlatforms) = postSolution
		{A6A3601C-072F-4D63-8937-94DC3EC71B40}.Debug|Any CPU.ActiveCfg = Debug|Any CPU
		{A6A3601C-072F-4D63-8937-94DC3EC71B40}.Debug|Any CPU.Build.0 = Debug|Any CPU
		{A6A3601C-072F-4D63-8937-94DC3EC71B40}.Release|Any CPU.ActiveCfg = Release|Any CPU
		{A6A3601C-072F-4D63-8937-94DC3EC71B40}.Release|Any CPU.Build.0 = Release|Any CPU
		{2962CF14-3E6E-456D-807F-C90E468DA50D}.Debug|Any CPU.ActiveCfg = Debug|Any CPU
		{2962CF14-3E6E-456D-807F-C90E468DA50D}.Debug|Any CPU.Build.0 = Debug|Any CPU
		{2962CF14-3E6E-456D-807F-C90E468DA50D}.Release|Any CPU.ActiveCfg = Release|Any CPU
		{2962CF14-3E6E-456D-807F-C90E468DA50D}.Release|Any CPU.Build.0 = Release|Any CPU
	EndGlobalSection
	GlobalSection(SolutionProperties) = preSolution
		HideSolutionNode = FALSE
	EndGlobalSection
EndGlobal
